
Microsoft Visual Studio Solution File, Format Version 12.00
# Visual Studio Version 17
VisualStudioVersion = 17.3.32819.101
MinimumVisualStudioVersion = 10.0.40219.1
Project("{9A19103F-16F7-4668-BE54-9A1E7A4F7556}") = "Demo.Web", "Demo.Web\Demo.Web.csproj", "{B5D584CF-C400-446F-993C-74D6FD44AC34}"
EndProject
Project("{FAE04EC0-301F-11D3-BF4B-00C04F79EFBC}") = "Demo.WebAPI", "Demo.WebAPI\Demo.WebAPI.csproj", "{A10F34F9-21C5-476A-A4A2-B6B029965BAB}"
EndProject
Global
	GlobalSection(SolutionConfigurationPlatforms) = preSolution
		Debug|Any CPU = Debug|Any CPU
		Release|Any CPU = Release|Any CPU
	EndGlobalSection
	GlobalSection(ProjectConfigurationPlatforms) = postSolution
		{B5D584CF-C400-446F-993C-74D6FD44AC34}.Debug|Any CPU.ActiveCfg = Debug|Any CPU
		{B5D584CF-C400-446F-993C-74D6FD44AC34}.Debug|Any CPU.Build.0 = Debug|Any CPU
		{B5D584CF-C400-446F-993C-74D6FD44AC34}.Release|Any CPU.ActiveCfg = Release|Any CPU
		{B5D584CF-C400-446F-993C-74D6FD44AC34}.Release|Any CPU.Build.0 = Release|Any CPU
		{A10F34F9-21C5-476A-A4A2-B6B029965BAB}.Debug|Any CPU.ActiveCfg = Debug|Any CPU
		{A10F34F9-21C5-476A-A4A2-B6B029965BAB}.Debug|Any CPU.Build.0 = Debug|Any CPU
		{A10F34F9-21C5-476A-A4A2-B6B029965BAB}.Release|Any CPU.ActiveCfg = Release|Any CPU
		{A10F34F9-21C5-476A-A4A2-B6B029965BAB}.Release|Any CPU.Build.0 = Release|Any CPU
	EndGlobalSection
	GlobalSection(SolutionProperties) = preSolution
		HideSolutionNode = FALSE
	EndGlobalSection
	GlobalSection(ExtensibilityGlobals) = postSolution
		SolutionGuid = {39063AFA-705C-4322-B3C1-FAEF24C5501F}
	EndGlobalSection
EndGlobal
